
Microsoft Visual Studio Solution File, Format Version 12.00
# Visual Studio Version 16
VisualStudioVersion = 16.0.30204.135
MinimumVisualStudioVersion = 10.0.40219.1
Project("{9A19103F-16F7-4668-BE54-9A1E7A4F7556}") = "Day1", "Day1\Day1.csproj", "{46CA3A26-7AAE-47E2-9CD8-E3D7F6EA40B9}"
EndProject
Project("{9A19103F-16F7-4668-BE54-9A1E7A4F7556}") = "Day2", "Day2\Day2.csproj", "{FC3DB51A-ECD1-4432-B9D3-9EF1DC65F06C}"
EndProject
Project("{9A19103F-16F7-4668-BE54-9A1E7A4F7556}") = "Day3", "Day3\Day3.csproj", "{4B492423-FB3A-4BA9-B555-B89A353E8C85}"
EndProject
Project("{9A19103F-16F7-4668-BE54-9A1E7A4F7556}") = "Day4", "Day4\Day4.csproj", "{F9287AC4-85E0-4842-B554-CF89D2962D17}"
EndProject
Project("{9A19103F-16F7-4668-BE54-9A1E7A4F7556}") = "Day5", "Day5\Day5.csproj", "{CB1C0B0B-168D-441C-A763-DCD7CBD19DA0}"
EndProject
Project("{9A19103F-16F7-4668-BE54-9A1E7A4F7556}") = "Day6", "Day6\Day6.csproj", "{376C94E1-1B95-456B-A0A3-9384DA904F98}"
EndProject
Project("{9A19103F-16F7-4668-BE54-9A1E7A4F7556}") = "Day7", "Day7\Day7.csproj", "{D8E40B09-54EF-44AB-BC4A-9BE8339AB6E0}"
EndProject
Project("{9A19103F-16F7-4668-BE54-9A1E7A4F7556}") = "Day8", "Day8\Day8.csproj", "{620A91E0-B18D-4DB4-B87D-F6F8239201C8}"
EndProject
Project("{9A19103F-16F7-4668-BE54-9A1E7A4F7556}") = "Day9", "Day9\Day9.csproj", "{512317C9-027F-4B27-A1BF-1D8D0910B004}"
EndProject
Project("{9A19103F-16F7-4668-BE54-9A1E7A4F7556}") = "Day10", "Day10\Day10.csproj", "{DEC0DB9F-F700-43F0-A2E2-C4DC8D76AEA6}"
EndProject
Project("{9A19103F-16F7-4668-BE54-9A1E7A4F7556}") = "Day11", "Day11\Day11.csproj", "{062B3A85-8DD5-414B-A3B0-8E8399537BAC}"
EndProject
Project("{FAE04EC0-301F-11D3-BF4B-00C04F79EFBC}") = "Day12", "Day12\Day12.csproj", "{8B969511-FBE7-4717-8978-0DF1774508D9}"
EndProject
Project("{FAE04EC0-301F-11D3-BF4B-00C04F79EFBC}") = "Day13", "Day13\Day13.csproj", "{3768DA28-4C47-4DD8-9C4D-D812025A9277}"
EndProject
Global
	GlobalSection(SolutionConfigurationPlatforms) = preSolution
		Debug|Any CPU = Debug|Any CPU
		Release|Any CPU = Release|Any CPU
	EndGlobalSection
	GlobalSection(ProjectConfigurationPlatforms) = postSolution
		{46CA3A26-7AAE-47E2-9CD8-E3D7F6EA40B9}.Debug|Any CPU.ActiveCfg = Debug|Any CPU
		{46CA3A26-7AAE-47E2-9CD8-E3D7F6EA40B9}.Debug|Any CPU.Build.0 = Debug|Any CPU
		{46CA3A26-7AAE-47E2-9CD8-E3D7F6EA40B9}.Release|Any CPU.ActiveCfg = Release|Any CPU
		{46CA3A26-7AAE-47E2-9CD8-E3D7F6EA40B9}.Release|Any CPU.Build.0 = Release|Any CPU
		{FC3DB51A-ECD1-4432-B9D3-9EF1DC65F06C}.Debug|Any CPU.ActiveCfg = Debug|Any CPU
		{FC3DB51A-ECD1-4432-B9D3-9EF1DC65F06C}.Debug|Any CPU.Build.0 = Debug|Any CPU
		{FC3DB51A-ECD1-4432-B9D3-9EF1DC65F06C}.Release|Any CPU.ActiveCfg = Release|Any CPU
		{FC3DB51A-ECD1-4432-B9D3-9EF1DC65F06C}.Release|Any CPU.Build.0 = Release|Any CPU
		{4B492423-FB3A-4BA9-B555-B89A353E8C85}.Debug|Any CPU.ActiveCfg = Debug|Any CPU
		{4B492423-FB3A-4BA9-B555-B89A353E8C85}.Debug|Any CPU.Build.0 = Debug|Any CPU
		{4B492423-FB3A-4BA9-B555-B89A353E8C85}.Release|Any CPU.ActiveCfg = Release|Any CPU
		{4B492423-FB3A-4BA9-B555-B89A353E8C85}.Release|Any CPU.Build.0 = Release|Any CPU
		{F9287AC4-85E0-4842-B554-CF89D2962D17}.Debug|Any CPU.ActiveCfg = Debug|Any CPU
		{F9287AC4-85E0-4842-B554-CF89D2962D17}.Debug|Any CPU.Build.0 = Debug|Any CPU
		{F9287AC4-85E0-4842-B554-CF89D2962D17}.Release|Any CPU.ActiveCfg = Release|Any CPU
		{F9287AC4-85E0-4842-B554-CF89D2962D17}.Release|Any CPU.Build.0 = Release|Any CPU
		{CB1C0B0B-168D-441C-A763-DCD7CBD19DA0}.Debug|Any CPU.ActiveCfg = Debug|Any CPU
		{CB1C0B0B-168D-441C-A763-DCD7CBD19DA0}.Debug|Any CPU.Build.0 = Debug|Any CPU
		{CB1C0B0B-168D-441C-A763-DCD7CBD19DA0}.Release|Any CPU.ActiveCfg = Release|Any CPU
		{CB1C0B0B-168D-441C-A763-DCD7CBD19DA0}.Release|Any CPU.Build.0 = Release|Any CPU
		{376C94E1-1B95-456B-A0A3-9384DA904F98}.Debug|Any CPU.ActiveCfg = Debug|Any CPU
		{376C94E1-1B95-456B-A0A3-9384DA904F98}.Debug|Any CPU.Build.0 = Debug|Any CPU
		{376C94E1-1B95-456B-A0A3-9384DA904F98}.Release|Any CPU.ActiveCfg = Release|Any CPU
		{376C94E1-1B95-456B-A0A3-9384DA904F98}.Release|Any CPU.Build.0 = Release|Any CPU
		{D8E40B09-54EF-44AB-BC4A-9BE8339AB6E0}.Debug|Any CPU.ActiveCfg = Debug|Any CPU
		{D8E40B09-54EF-44AB-BC4A-9BE8339AB6E0}.Debug|Any CPU.Build.0 = Debug|Any CPU
		{D8E40B09-54EF-44AB-BC4A-9BE8339AB6E0}.Release|Any CPU.ActiveCfg = Release|Any CPU
		{D8E40B09-54EF-44AB-BC4A-9BE8339AB6E0}.Release|Any CPU.Build.0 = Release|Any CPU
		{620A91E0-B18D-4DB4-B87D-F6F8239201C8}.Debug|Any CPU.ActiveCfg = Debug|Any CPU
		{620A91E0-B18D-4DB4-B87D-F6F8239201C8}.Debug|Any CPU.Build.0 = Debug|Any CPU
		{620A91E0-B18D-4DB4-B87D-F6F8239201C8}.Release|Any CPU.ActiveCfg = Release|Any CPU
		{620A91E0-B18D-4DB4-B87D-F6F8239201C8}.Release|Any CPU.Build.0 = Release|Any CPU
		{512317C9-027F-4B27-A1BF-1D8D0910B004}.Debug|Any CPU.ActiveCfg = Debug|Any CPU
		{512317C9-027F-4B27-A1BF-1D8D0910B004}.Debug|Any CPU.Build.0 = Debug|Any CPU
		{512317C9-027F-4B27-A1BF-1D8D0910B004}.Release|Any CPU.ActiveCfg = Release|Any CPU
		{512317C9-027F-4B27-A1BF-1D8D0910B004}.Release|Any CPU.Build.0 = Release|Any CPU
		{DEC0DB9F-F700-43F0-A2E2-C4DC8D76AEA6}.Debug|Any CPU.ActiveCfg = Debug|Any CPU
		{DEC0DB9F-F700-43F0-A2E2-C4DC8D76AEA6}.Debug|Any CPU.Build.0 = Debug|Any CPU
		{DEC0DB9F-F700-43F0-A2E2-C4DC8D76AEA6}.Release|Any CPU.ActiveCfg = Release|Any CPU
		{DEC0DB9F-F700-43F0-A2E2-C4DC8D76AEA6}.Release|Any CPU.Build.0 = Release|Any CPU
		{062B3A85-8DD5-414B-A3B0-8E8399537BAC}.Debug|Any CPU.ActiveCfg = Debug|Any CPU
		{062B3A85-8DD5-414B-A3B0-8E8399537BAC}.Debug|Any CPU.Build.0 = Debug|Any CPU
		{062B3A85-8DD5-414B-A3B0-8E8399537BAC}.Release|Any CPU.ActiveCfg = Release|Any CPU
		{062B3A85-8DD5-414B-A3B0-8E8399537BAC}.Release|Any CPU.Build.0 = Release|Any CPU
		{8B969511-FBE7-4717-8978-0DF1774508D9}.Debug|Any CPU.ActiveCfg = Debug|Any CPU
		{8B969511-FBE7-4717-8978-0DF1774508D9}.Debug|Any CPU.Build.0 = Debug|Any CPU
		{8B969511-FBE7-4717-8978-0DF1774508D9}.Release|Any CPU.ActiveCfg = Release|Any CPU
		{8B969511-FBE7-4717-8978-0DF1774508D9}.Release|Any CPU.Build.0 = Release|Any CPU
		{3768DA28-4C47-4DD8-9C4D-D812025A9277}.Debug|Any CPU.ActiveCfg = Debug|Any CPU
		{3768DA28-4C47-4DD8-9C4D-D812025A9277}.Debug|Any CPU.Build.0 = Debug|Any CPU
		{3768DA28-4C47-4DD8-9C4D-D812025A9277}.Release|Any CPU.ActiveCfg = Release|Any CPU
		{3768DA28-4C47-4DD8-9C4D-D812025A9277}.Release|Any CPU.Build.0 = Release|Any CPU
	EndGlobalSection
	GlobalSection(SolutionProperties) = preSolution
		HideSolutionNode = FALSE
	EndGlobalSection
	GlobalSection(ExtensibilityGlobals) = postSolution
		SolutionGuid = {851C5AF5-5C2E-4F4A-B415-84EA0B9F6D86}
	EndGlobalSection
EndGlobal
