
Microsoft Visual Studio Solution File, Format Version 12.00
# Visual Studio Version 16
VisualStudioVersion = 16.0.30204.135
MinimumVisualStudioVersion = 10.0.40219.1
Project("{9A19103F-16F7-4668-BE54-9A1E7A4F7556}") = "AoC.Day1", "AoC.Day1\AoC.Day1.csproj", "{46CA3A26-7AAE-47E2-9CD8-E3D7F6EA40B9}"
EndProject
Project("{9A19103F-16F7-4668-BE54-9A1E7A4F7556}") = "AoC.Tests", "AoC.Tests\AoC.Tests.csproj", "{D56A490C-CA99-4A18-87FB-5A68A9CE5952}"
EndProject
Project("{9A19103F-16F7-4668-BE54-9A1E7A4F7556}") = "AoC.Common", "AoC.Common\AoC.Common.csproj", "{25A62BF7-03E0-40BF-8A26-185CB52AD7FC}"
EndProject
Project("{9A19103F-16F7-4668-BE54-9A1E7A4F7556}") = "AoC.Day2", "AoC.Day2\AoC.Day2.csproj", "{EADBDD60-8618-4379-8667-29CF178C1C57}"
EndProject
Project("{9A19103F-16F7-4668-BE54-9A1E7A4F7556}") = "AoC.Day3", "AoC.Day3\AoC.Day3.csproj", "{20868857-5328-4ACA-83A9-67BB180E8437}"
EndProject
Project("{9A19103F-16F7-4668-BE54-9A1E7A4F7556}") = "AoC.Day4", "AoC.Day4\AoC.Day4.csproj", "{545DC494-C271-478B-AABA-3393ABE67D68}"
EndProject
Project("{9A19103F-16F7-4668-BE54-9A1E7A4F7556}") = "AoC.Day5", "AoC.Day5\AoC.Day5.csproj", "{417193F1-02E6-4DA3-B6B9-720AF8F45563}"
EndProject
Project("{9A19103F-16F7-4668-BE54-9A1E7A4F7556}") = "AoC.Day6", "AoC.Day6\AoC.Day6.csproj", "{BF4A0FFB-8D7A-411B-BD84-F31469AC3174}"
EndProject
Project("{9A19103F-16F7-4668-BE54-9A1E7A4F7556}") = "AoC.Day7", "AoC.Day7\AoC.Day7.csproj", "{DE15FD00-85E8-41E3-92D5-0CA14FC9D0B4}"
EndProject
Project("{9A19103F-16F7-4668-BE54-9A1E7A4F7556}") = "AoC.Day8", "AoC.Day8\AoC.Day8.csproj", "{EF4CD7D9-AA93-4578-951B-201FE0F89A50}"
EndProject
Project("{9A19103F-16F7-4668-BE54-9A1E7A4F7556}") = "AoC.Day9", "AoC.Day9\AoC.Day9.csproj", "{0F4E2601-154C-4530-B9D7-11240AC2B7B4}"
EndProject
Project("{9A19103F-16F7-4668-BE54-9A1E7A4F7556}") = "AoC.Day10", "AoC.Day10\AoC.Day10.csproj", "{27E996F5-F4D9-435B-ADF5-3282E45C95C2}"
EndProject
Project("{9A19103F-16F7-4668-BE54-9A1E7A4F7556}") = "AoC.Day11", "AoC.Day11\AoC.Day11.csproj", "{8FF26A7F-6317-4DF5-9534-944E7EE7A28D}"
EndProject
Global
	GlobalSection(SolutionConfigurationPlatforms) = preSolution
		Debug|Any CPU = Debug|Any CPU
		Release|Any CPU = Release|Any CPU
	EndGlobalSection
	GlobalSection(ProjectConfigurationPlatforms) = postSolution
		{46CA3A26-7AAE-47E2-9CD8-E3D7F6EA40B9}.Debug|Any CPU.ActiveCfg = Debug|Any CPU
		{46CA3A26-7AAE-47E2-9CD8-E3D7F6EA40B9}.Debug|Any CPU.Build.0 = Debug|Any CPU
		{46CA3A26-7AAE-47E2-9CD8-E3D7F6EA40B9}.Release|Any CPU.ActiveCfg = Release|Any CPU
		{46CA3A26-7AAE-47E2-9CD8-E3D7F6EA40B9}.Release|Any CPU.Build.0 = Release|Any CPU
		{D56A490C-CA99-4A18-87FB-5A68A9CE5952}.Debug|Any CPU.ActiveCfg = Debug|Any CPU
		{D56A490C-CA99-4A18-87FB-5A68A9CE5952}.Debug|Any CPU.Build.0 = Debug|Any CPU
		{D56A490C-CA99-4A18-87FB-5A68A9CE5952}.Release|Any CPU.ActiveCfg = Release|Any CPU
		{D56A490C-CA99-4A18-87FB-5A68A9CE5952}.Release|Any CPU.Build.0 = Release|Any CPU
		{25A62BF7-03E0-40BF-8A26-185CB52AD7FC}.Debug|Any CPU.ActiveCfg = Debug|Any CPU
		{25A62BF7-03E0-40BF-8A26-185CB52AD7FC}.Debug|Any CPU.Build.0 = Debug|Any CPU
		{25A62BF7-03E0-40BF-8A26-185CB52AD7FC}.Release|Any CPU.ActiveCfg = Release|Any CPU
		{25A62BF7-03E0-40BF-8A26-185CB52AD7FC}.Release|Any CPU.Build.0 = Release|Any CPU
		{EADBDD60-8618-4379-8667-29CF178C1C57}.Debug|Any CPU.ActiveCfg = Debug|Any CPU
		{EADBDD60-8618-4379-8667-29CF178C1C57}.Debug|Any CPU.Build.0 = Debug|Any CPU
		{EADBDD60-8618-4379-8667-29CF178C1C57}.Release|Any CPU.ActiveCfg = Release|Any CPU
		{EADBDD60-8618-4379-8667-29CF178C1C57}.Release|Any CPU.Build.0 = Release|Any CPU
		{20868857-5328-4ACA-83A9-67BB180E8437}.Debug|Any CPU.ActiveCfg = Debug|Any CPU
		{20868857-5328-4ACA-83A9-67BB180E8437}.Debug|Any CPU.Build.0 = Debug|Any CPU
		{20868857-5328-4ACA-83A9-67BB180E8437}.Release|Any CPU.ActiveCfg = Release|Any CPU
		{20868857-5328-4ACA-83A9-67BB180E8437}.Release|Any CPU.Build.0 = Release|Any CPU
		{545DC494-C271-478B-AABA-3393ABE67D68}.Debug|Any CPU.ActiveCfg = Debug|Any CPU
		{545DC494-C271-478B-AABA-3393ABE67D68}.Debug|Any CPU.Build.0 = Debug|Any CPU
		{545DC494-C271-478B-AABA-3393ABE67D68}.Release|Any CPU.ActiveCfg = Release|Any CPU
		{545DC494-C271-478B-AABA-3393ABE67D68}.Release|Any CPU.Build.0 = Release|Any CPU
		{417193F1-02E6-4DA3-B6B9-720AF8F45563}.Debug|Any CPU.ActiveCfg = Debug|Any CPU
		{417193F1-02E6-4DA3-B6B9-720AF8F45563}.Debug|Any CPU.Build.0 = Debug|Any CPU
		{417193F1-02E6-4DA3-B6B9-720AF8F45563}.Release|Any CPU.ActiveCfg = Release|Any CPU
		{417193F1-02E6-4DA3-B6B9-720AF8F45563}.Release|Any CPU.Build.0 = Release|Any CPU
		{BF4A0FFB-8D7A-411B-BD84-F31469AC3174}.Debug|Any CPU.ActiveCfg = Debug|Any CPU
		{BF4A0FFB-8D7A-411B-BD84-F31469AC3174}.Debug|Any CPU.Build.0 = Debug|Any CPU
		{BF4A0FFB-8D7A-411B-BD84-F31469AC3174}.Release|Any CPU.ActiveCfg = Release|Any CPU
		{BF4A0FFB-8D7A-411B-BD84-F31469AC3174}.Release|Any CPU.Build.0 = Release|Any CPU
		{DE15FD00-85E8-41E3-92D5-0CA14FC9D0B4}.Debug|Any CPU.ActiveCfg = Debug|Any CPU
		{DE15FD00-85E8-41E3-92D5-0CA14FC9D0B4}.Debug|Any CPU.Build.0 = Debug|Any CPU
		{DE15FD00-85E8-41E3-92D5-0CA14FC9D0B4}.Release|Any CPU.ActiveCfg = Release|Any CPU
		{DE15FD00-85E8-41E3-92D5-0CA14FC9D0B4}.Release|Any CPU.Build.0 = Release|Any CPU
		{EF4CD7D9-AA93-4578-951B-201FE0F89A50}.Debug|Any CPU.ActiveCfg = Debug|Any CPU
		{EF4CD7D9-AA93-4578-951B-201FE0F89A50}.Debug|Any CPU.Build.0 = Debug|Any CPU
		{EF4CD7D9-AA93-4578-951B-201FE0F89A50}.Release|Any CPU.ActiveCfg = Release|Any CPU
		{EF4CD7D9-AA93-4578-951B-201FE0F89A50}.Release|Any CPU.Build.0 = Release|Any CPU
		{0F4E2601-154C-4530-B9D7-11240AC2B7B4}.Debug|Any CPU.ActiveCfg = Debug|Any CPU
		{0F4E2601-154C-4530-B9D7-11240AC2B7B4}.Debug|Any CPU.Build.0 = Debug|Any CPU
		{0F4E2601-154C-4530-B9D7-11240AC2B7B4}.Release|Any CPU.ActiveCfg = Release|Any CPU
		{0F4E2601-154C-4530-B9D7-11240AC2B7B4}.Release|Any CPU.Build.0 = Release|Any CPU
		{27E996F5-F4D9-435B-ADF5-3282E45C95C2}.Debug|Any CPU.ActiveCfg = Debug|Any CPU
		{27E996F5-F4D9-435B-ADF5-3282E45C95C2}.Debug|Any CPU.Build.0 = Debug|Any CPU
		{27E996F5-F4D9-435B-ADF5-3282E45C95C2}.Release|Any CPU.ActiveCfg = Release|Any CPU
		{27E996F5-F4D9-435B-ADF5-3282E45C95C2}.Release|Any CPU.Build.0 = Release|Any CPU
		{8FF26A7F-6317-4DF5-9534-944E7EE7A28D}.Debug|Any CPU.ActiveCfg = Debug|Any CPU
		{8FF26A7F-6317-4DF5-9534-944E7EE7A28D}.Debug|Any CPU.Build.0 = Debug|Any CPU
		{8FF26A7F-6317-4DF5-9534-944E7EE7A28D}.Release|Any CPU.ActiveCfg = Release|Any CPU
		{8FF26A7F-6317-4DF5-9534-944E7EE7A28D}.Release|Any CPU.Build.0 = Release|Any CPU
	EndGlobalSection
	GlobalSection(SolutionProperties) = preSolution
		HideSolutionNode = FALSE
	EndGlobalSection
	GlobalSection(ExtensibilityGlobals) = postSolution
		SolutionGuid = {851C5AF5-5C2E-4F4A-B415-84EA0B9F6D86}
	EndGlobalSection
EndGlobal
